PODS:
  - MyFirstPod (0.1.2)
  - MySecondPod (0.1.0):
    - MyFirstPod

DEPENDENCIES:
  - MyFirstPod
  - MySecondPod (from `../`)

SPEC REPOS:
  https://git.epam.com/Maksym_Korostelov/mypodspecs.git:
    - MyFirstPod

EXTERNAL SOURCES:
  MySecondPod:
    :path: "../"

SPEC CHECKSUMS:
  MyFirstPod: 7954cbd146587961023957330f35b9fa44ed1265
  MySecondPod: 13ef816745e48832a1ae9599e7cc6897a452533d

PODFILE CHECKSUM: fe905629789d0487627c8d36770567f15929781a

COCOAPODS: 1.8.4
